
Microsoft Visual Studio Solution File, Format Version 12.00
# Visual Studio 15
VisualStudioVersion = 15.0.27004.2009
MinimumVisualStudioVersion = 10.0.40219.1
Project("{FAE04EC0-301F-11D3-BF4B-00C04F79EFBC}") = "PuzzlesRunner", "PuzzlesRunner\PuzzlesRunner.csproj", "{60B94D1F-AACF-457E-98F4-D21542BE50F1}"
EndProject
Project("{FAE04EC0-301F-11D3-BF4B-00C04F79EFBC}") = "Day01_Captcha", "Day01_Captcha\Day01_Captcha.csproj", "{F378E6D6-0BE3-43D0-B91E-C63137521454}"
EndProject
Project("{FAE04EC0-301F-11D3-BF4B-00C04F79EFBC}") = "Day02_Checksum", "Day02_Checksum\Day02_Checksum.csproj", "{68949DA7-65EF-485D-BCEC-6229EA45AE3A}"
EndProject
Project("{FAE04EC0-301F-11D3-BF4B-00C04F79EFBC}") = "Day03_SpiralMemory", "Day03_SpiralMemory\Day03_SpiralMemory.csproj", "{7454F99F-DFF8-4D2C-BB3D-34FD794FE021}"
EndProject
Project("{FAE04EC0-301F-11D3-BF4B-00C04F79EFBC}") = "Shared", "Shared\Shared.csproj", "{FC1694EA-6067-4D8C-B978-2F90FA295C7B}"
EndProject
Project("{FAE04EC0-301F-11D3-BF4B-00C04F79EFBC}") = "Day04_Passphrases", "Day04_Passphrases\Day04_Passphrases.csproj", "{0AD402FF-0528-4B14-832F-638F488F0465}"
EndProject
Project("{FAE04EC0-301F-11D3-BF4B-00C04F79EFBC}") = "Day05_Trampolines", "Day05_Trampolines\Day05_Trampolines.csproj", "{6CC899F0-7B92-4923-AA19-3D305BB4FC42}"
EndProject
Project("{FAE04EC0-301F-11D3-BF4B-00C04F79EFBC}") = "Day06_MemoryReallocation", "Day06_MemoryReallocation\Day06_MemoryReallocation.csproj", "{8F2B302A-B63E-457E-B082-3351EA99538C}"
EndProject
Project("{FAE04EC0-301F-11D3-BF4B-00C04F79EFBC}") = "Day07_RecursiveCircus", "Day07_RecursiveCircus\Day07_RecursiveCircus.csproj", "{0567243E-BC43-4DEB-BFA6-AC592CEABB95}"
EndProject
Project("{FAE04EC0-301F-11D3-BF4B-00C04F79EFBC}") = "Day08_Registers", "Day08_Registers\Day08_Registers.csproj", "{C6D63D61-16DC-46DD-B105-5C266AF67440}"
EndProject
Project("{FAE04EC0-301F-11D3-BF4B-00C04F79EFBC}") = "Day09_StreamProcessing", "Day09_StreamProcessing\Day09_StreamProcessing.csproj", "{1ABEB8A7-8506-48BF-9A71-942A8F8B8F36}"
EndProject
Project("{FAE04EC0-301F-11D3-BF4B-00C04F79EFBC}") = "Day10_KnotHash", "Day10_KnotHash\Day10_KnotHash.csproj", "{0B89D5AE-F943-4659-A67B-4C948E1BB4C7}"
EndProject
Global
	GlobalSection(SolutionConfigurationPlatforms) = preSolution
		Debug|Any CPU = Debug|Any CPU
		Release|Any CPU = Release|Any CPU
	EndGlobalSection
	GlobalSection(ProjectConfigurationPlatforms) = postSolution
		{60B94D1F-AACF-457E-98F4-D21542BE50F1}.Debug|Any CPU.ActiveCfg = Debug|Any CPU
		{60B94D1F-AACF-457E-98F4-D21542BE50F1}.Debug|Any CPU.Build.0 = Debug|Any CPU
		{60B94D1F-AACF-457E-98F4-D21542BE50F1}.Release|Any CPU.ActiveCfg = Release|Any CPU
		{60B94D1F-AACF-457E-98F4-D21542BE50F1}.Release|Any CPU.Build.0 = Release|Any CPU
		{F378E6D6-0BE3-43D0-B91E-C63137521454}.Debug|Any CPU.ActiveCfg = Debug|Any CPU
		{F378E6D6-0BE3-43D0-B91E-C63137521454}.Debug|Any CPU.Build.0 = Debug|Any CPU
		{F378E6D6-0BE3-43D0-B91E-C63137521454}.Release|Any CPU.ActiveCfg = Release|Any CPU
		{F378E6D6-0BE3-43D0-B91E-C63137521454}.Release|Any CPU.Build.0 = Release|Any CPU
		{68949DA7-65EF-485D-BCEC-6229EA45AE3A}.Debug|Any CPU.ActiveCfg = Debug|Any CPU
		{68949DA7-65EF-485D-BCEC-6229EA45AE3A}.Debug|Any CPU.Build.0 = Debug|Any CPU
		{68949DA7-65EF-485D-BCEC-6229EA45AE3A}.Release|Any CPU.ActiveCfg = Release|Any CPU
		{68949DA7-65EF-485D-BCEC-6229EA45AE3A}.Release|Any CPU.Build.0 = Release|Any CPU
		{7454F99F-DFF8-4D2C-BB3D-34FD794FE021}.Debug|Any CPU.ActiveCfg = Debug|Any CPU
		{7454F99F-DFF8-4D2C-BB3D-34FD794FE021}.Debug|Any CPU.Build.0 = Debug|Any CPU
		{7454F99F-DFF8-4D2C-BB3D-34FD794FE021}.Release|Any CPU.ActiveCfg = Release|Any CPU
		{7454F99F-DFF8-4D2C-BB3D-34FD794FE021}.Release|Any CPU.Build.0 = Release|Any CPU
		{FC1694EA-6067-4D8C-B978-2F90FA295C7B}.Debug|Any CPU.ActiveCfg = Debug|Any CPU
		{FC1694EA-6067-4D8C-B978-2F90FA295C7B}.Debug|Any CPU.Build.0 = Debug|Any CPU
		{FC1694EA-6067-4D8C-B978-2F90FA295C7B}.Release|Any CPU.ActiveCfg = Release|Any CPU
		{FC1694EA-6067-4D8C-B978-2F90FA295C7B}.Release|Any CPU.Build.0 = Release|Any CPU
		{0AD402FF-0528-4B14-832F-638F488F0465}.Debug|Any CPU.ActiveCfg = Debug|Any CPU
		{0AD402FF-0528-4B14-832F-638F488F0465}.Debug|Any CPU.Build.0 = Debug|Any CPU
		{0AD402FF-0528-4B14-832F-638F488F0465}.Release|Any CPU.ActiveCfg = Release|Any CPU
		{0AD402FF-0528-4B14-832F-638F488F0465}.Release|Any CPU.Build.0 = Release|Any CPU
		{6CC899F0-7B92-4923-AA19-3D305BB4FC42}.Debug|Any CPU.ActiveCfg = Debug|Any CPU
		{6CC899F0-7B92-4923-AA19-3D305BB4FC42}.Debug|Any CPU.Build.0 = Debug|Any CPU
		{6CC899F0-7B92-4923-AA19-3D305BB4FC42}.Release|Any CPU.ActiveCfg = Release|Any CPU
		{6CC899F0-7B92-4923-AA19-3D305BB4FC42}.Release|Any CPU.Build.0 = Release|Any CPU
		{8F2B302A-B63E-457E-B082-3351EA99538C}.Debug|Any CPU.ActiveCfg = Debug|Any CPU
		{8F2B302A-B63E-457E-B082-3351EA99538C}.Debug|Any CPU.Build.0 = Debug|Any CPU
		{8F2B302A-B63E-457E-B082-3351EA99538C}.Release|Any CPU.ActiveCfg = Release|Any CPU
		{8F2B302A-B63E-457E-B082-3351EA99538C}.Release|Any CPU.Build.0 = Release|Any CPU
		{0567243E-BC43-4DEB-BFA6-AC592CEABB95}.Debug|Any CPU.ActiveCfg = Debug|Any CPU
		{0567243E-BC43-4DEB-BFA6-AC592CEABB95}.Debug|Any CPU.Build.0 = Debug|Any CPU
		{0567243E-BC43-4DEB-BFA6-AC592CEABB95}.Release|Any CPU.ActiveCfg = Release|Any CPU
		{0567243E-BC43-4DEB-BFA6-AC592CEABB95}.Release|Any CPU.Build.0 = Release|Any CPU
		{C6D63D61-16DC-46DD-B105-5C266AF67440}.Debug|Any CPU.ActiveCfg = Debug|Any CPU
		{C6D63D61-16DC-46DD-B105-5C266AF67440}.Debug|Any CPU.Build.0 = Debug|Any CPU
		{C6D63D61-16DC-46DD-B105-5C266AF67440}.Release|Any CPU.ActiveCfg = Release|Any CPU
		{C6D63D61-16DC-46DD-B105-5C266AF67440}.Release|Any CPU.Build.0 = Release|Any CPU
		{1ABEB8A7-8506-48BF-9A71-942A8F8B8F36}.Debug|Any CPU.ActiveCfg = Debug|Any CPU
		{1ABEB8A7-8506-48BF-9A71-942A8F8B8F36}.Debug|Any CPU.Build.0 = Debug|Any CPU
		{1ABEB8A7-8506-48BF-9A71-942A8F8B8F36}.Release|Any CPU.ActiveCfg = Release|Any CPU
		{1ABEB8A7-8506-48BF-9A71-942A8F8B8F36}.Release|Any CPU.Build.0 = Release|Any CPU
		{0B89D5AE-F943-4659-A67B-4C948E1BB4C7}.Debug|Any CPU.ActiveCfg = Debug|Any CPU
		{0B89D5AE-F943-4659-A67B-4C948E1BB4C7}.Debug|Any CPU.Build.0 = Debug|Any CPU
		{0B89D5AE-F943-4659-A67B-4C948E1BB4C7}.Release|Any CPU.ActiveCfg = Release|Any CPU
		{0B89D5AE-F943-4659-A67B-4C948E1BB4C7}.Release|Any CPU.Build.0 = Release|Any CPU
	EndGlobalSection
	GlobalSection(SolutionProperties) = preSolution
		HideSolutionNode = FALSE
	EndGlobalSection
	GlobalSection(ExtensibilityGlobals) = postSolution
		SolutionGuid = {6A96E22A-DC3D-4D73-9E84-C3805A0C7EDF}
	EndGlobalSection
EndGlobal
