
Microsoft Visual Studio Solution File, Format Version 12.00
# Visual Studio 15
VisualStudioVersion = 15.0.27004.2009
MinimumVisualStudioVersion = 10.0.40219.1
Project("{FAE04EC0-301F-11D3-BF4B-00C04F79EFBC}") = "PuzzlesRunner", "PuzzlesRunner\PuzzlesRunner.csproj", "{60B94D1F-AACF-457E-98F4-D21542BE50F1}"
EndProject
Project("{FAE04EC0-301F-11D3-BF4B-00C04F79EFBC}") = "Day01_Captcha", "Day01_Captcha\Day01_Captcha.csproj", "{F378E6D6-0BE3-43D0-B91E-C63137521454}"
EndProject
Global
	GlobalSection(SolutionConfigurationPlatforms) = preSolution
		Debug|Any CPU = Debug|Any CPU
		Release|Any CPU = Release|Any CPU
	EndGlobalSection
	GlobalSection(ProjectConfigurationPlatforms) = postSolution
		{60B94D1F-AACF-457E-98F4-D21542BE50F1}.Debug|Any CPU.ActiveCfg = Debug|Any CPU
		{60B94D1F-AACF-457E-98F4-D21542BE50F1}.Debug|Any CPU.Build.0 = Debug|Any CPU
		{60B94D1F-AACF-457E-98F4-D21542BE50F1}.Release|Any CPU.ActiveCfg = Release|Any CPU
		{60B94D1F-AACF-457E-98F4-D21542BE50F1}.Release|Any CPU.Build.0 = Release|Any CPU
		{F378E6D6-0BE3-43D0-B91E-C63137521454}.Debug|Any CPU.ActiveCfg = Debug|Any CPU
		{F378E6D6-0BE3-43D0-B91E-C63137521454}.Debug|Any CPU.Build.0 = Debug|Any CPU
		{F378E6D6-0BE3-43D0-B91E-C63137521454}.Release|Any CPU.ActiveCfg = Release|Any CPU
		{F378E6D6-0BE3-43D0-B91E-C63137521454}.Release|Any CPU.Build.0 = Release|Any CPU
	EndGlobalSection
	GlobalSection(SolutionProperties) = preSolution
		HideSolutionNode = FALSE
	EndGlobalSection
	GlobalSection(ExtensibilityGlobals) = postSolution
		SolutionGuid = {6A96E22A-DC3D-4D73-9E84-C3805A0C7EDF}
	EndGlobalSection
EndGlobal
